// !$*UTF8*$!
{
	archiveVersion = 1;
	classes = {
	};
	objectVersion = 46;
	objects = {

/* Begin PBXBuildFile section */
		7636126C1CF3892300133FF6 /* ForceDirectedGraph.h in Headers */ = {isa = PBXBuildFile; fileRef = 7636126B1CF3892300133FF6 /* ForceDirectedGraph.h */; settings = {ATTRIBUTES = (Public, ); }; };
		763612731CF3892300133FF6 /* ForceDirectedGraph.framework in Frameworks */ = {isa = PBXBuildFile; fileRef = 763612681CF3892300133FF6 /* ForceDirectedGraph.framework */; };
		763612781CF3892300133FF6 /* ForceDirectedGraphTests.swift in Sources */ = {isa = PBXBuildFile; fileRef = 763612771CF3892300133FF6 /* ForceDirectedGraphTests.swift */; };
		763612841CF389CC00133FF6 /* LICENSE in Resources */ = {isa = PBXBuildFile; fileRef = 763612821CF389CC00133FF6 /* LICENSE */; };
		763612851CF389CC00133FF6 /* README.md in Sources */ = {isa = PBXBuildFile; fileRef = 763612831CF389CC00133FF6 /* README.md */; };
		763612941CF38BA400133FF6 /* CGPoint+Extensions.swift in Sources */ = {isa = PBXBuildFile; fileRef = 763612871CF38BA400133FF6 /* CGPoint+Extensions.swift */; };
		763612951CF38BA400133FF6 /* CGRect+Extensions.swift in Sources */ = {isa = PBXBuildFile; fileRef = 763612881CF38BA400133FF6 /* CGRect+Extensions.swift */; };
		763612971CF38BA400133FF6 /* Force.swift in Sources */ = {isa = PBXBuildFile; fileRef = 7636128B1CF38BA400133FF6 /* Force.swift */; };
		763612981CF38BA400133FF6 /* Link.swift in Sources */ = {isa = PBXBuildFile; fileRef = 7636128C1CF38BA400133FF6 /* Link.swift */; };
		763612991CF38BA400133FF6 /* NBody.swift in Sources */ = {isa = PBXBuildFile; fileRef = 7636128D1CF38BA400133FF6 /* NBody.swift */; };
		7636129A1CF38BA400133FF6 /* Edge.swift in Sources */ = {isa = PBXBuildFile; fileRef = 7636128F1CF38BA400133FF6 /* Edge.swift */; };
		7636129B1CF38BA400133FF6 /* Graph.swift in Sources */ = {isa = PBXBuildFile; fileRef = 763612901CF38BA400133FF6 /* Graph.swift */; };
		7636129C1CF38BA400133FF6 /* Node.swift in Sources */ = {isa = PBXBuildFile; fileRef = 763612911CF38BA400133FF6 /* Node.swift */; };
		7636129D1CF38BA400133FF6 /* QuadTree.swift in Sources */ = {isa = PBXBuildFile; fileRef = 763612931CF38BA400133FF6 /* QuadTree.swift */; };
		7659D98E1CFAEC7200124ACF /* Collision.swift in Sources */ = {isa = PBXBuildFile; fileRef = 7659D98D1CFAEC7200124ACF /* Collision.swift */; };
		7659D9921CFB648000124ACF /* Position.swift in Sources */ = {isa = PBXBuildFile; fileRef = 7659D9911CFB648000124ACF /* Position.swift */; };
		7659D9A31CFCEB8700124ACF /* CGFloat+Extensions.swift in Sources */ = {isa = PBXBuildFile; fileRef = 7659D9A21CFCEB8700124ACF /* CGFloat+Extensions.swift */; };
/* End PBXBuildFile section */

/* Begin PBXContainerItemProxy section */
		763612741CF3892300133FF6 /* PBXContainerItemProxy */ = {
			isa = PBXContainerItemProxy;
			containerPortal = 7636125F1CF3892300133FF6 /* Project object */;
			proxyType = 1;
			remoteGlobalIDString = 763612671CF3892300133FF6;
			remoteInfo = ForceDirectedGraph;
		};
/* End PBXContainerItemProxy section */

/* Begin PBXFileReference section */
		763612681CF3892300133FF6 /* ForceDirectedGraph.framework */ = {isa = PBXFileReference; explicitFileType = wrapper.framework; includeInIndex = 0; path = ForceDirectedGraph.framework; sourceTree = BUILT_PRODUCTS_DIR; };
		7636126B1CF3892300133FF6 /* ForceDirectedGraph.h */ = {isa = PBXFileReference; lastKnownFileType = sourcecode.c.h; path = ForceDirectedGraph.h; sourceTree = "<group>"; };
		7636126D1CF3892300133FF6 /* Info.plist */ = {isa = PBXFileReference; lastKnownFileType = text.plist.xml; path = Info.plist; sourceTree = "<group>"; };
		763612721CF3892300133FF6 /* ForceDirectedGraphTests.xctest */ = {isa = PBXFileReference; explicitFileType = wrapper.cfbundle; includeInIndex = 0; path = ForceDirectedGraphTests.xctest; sourceTree = BUILT_PRODUCTS_DIR; };
		763612771CF3892300133FF6 /* ForceDirectedGraphTests.swift */ = {isa = PBXFileReference; lastKnownFileType = sourcecode.swift; path = ForceDirectedGraphTests.swift; sourceTree = "<group>"; };
		763612791CF3892300133FF6 /* Info.plist */ = {isa = PBXFileReference; lastKnownFileType = text.plist.xml; path = Info.plist; sourceTree = "<group>"; };
		763612821CF389CC00133FF6 /* LICENSE */ = {isa = PBXFileReference; fileEncoding = 4; lastKnownFileType = text; path = LICENSE; sourceTree = SOURCE_ROOT; };
		763612831CF389CC00133FF6 /* README.md */ = {isa = PBXFileReference; fileEncoding = 4; lastKnownFileType = net.daringfireball.markdown; path = README.md; sourceTree = SOURCE_ROOT; };
		763612871CF38BA400133FF6 /* CGPoint+Extensions.swift */ = {isa = PBXFileReference; fileEncoding = 4; lastKnownFileType = sourcecode.swift; path = "CGPoint+Extensions.swift"; sourceTree = "<group>"; };
		763612881CF38BA400133FF6 /* CGRect+Extensions.swift */ = {isa = PBXFileReference; fileEncoding = 4; lastKnownFileType = sourcecode.swift; path = "CGRect+Extensions.swift"; sourceTree = "<group>"; };
		7636128B1CF38BA400133FF6 /* Force.swift */ = {isa = PBXFileReference; fileEncoding = 4; lastKnownFileType = sourcecode.swift; path = Force.swift; sourceTree = "<group>"; };
		7636128C1CF38BA400133FF6 /* Link.swift */ = {isa = PBXFileReference; fileEncoding = 4; lastKnownFileType = sourcecode.swift; path = Link.swift; sourceTree = "<group>"; };
		7636128D1CF38BA400133FF6 /* NBody.swift */ = {isa = PBXFileReference; fileEncoding = 4; lastKnownFileType = sourcecode.swift; path = NBody.swift; sourceTree = "<group>"; };
		7636128F1CF38BA400133FF6 /* Edge.swift */ = {isa = PBXFileReference; fileEncoding = 4; lastKnownFileType = sourcecode.swift; path = Edge.swift; sourceTree = "<group>"; };
		763612901CF38BA400133FF6 /* Graph.swift */ = {isa = PBXFileReference; fileEncoding = 4; lastKnownFileType = sourcecode.swift; path = Graph.swift; sourceTree = "<group>"; };
		763612911CF38BA400133FF6 /* Node.swift */ = {isa = PBXFileReference; fileEncoding = 4; lastKnownFileType = sourcecode.swift; path = Node.swift; sourceTree = "<group>"; };
		763612931CF38BA400133FF6 /* QuadTree.swift */ = {isa = PBXFileReference; fileEncoding = 4; lastKnownFileType = sourcecode.swift; path = QuadTree.swift; sourceTree = "<group>"; };
		7659D98D1CFAEC7200124ACF /* Collision.swift */ = {isa = PBXFileReference; fileEncoding = 4; lastKnownFileType = sourcecode.swift; path = Collision.swift; sourceTree = "<group>"; };
		7659D9911CFB648000124ACF /* Position.swift */ = {isa = PBXFileReference; fileEncoding = 4; lastKnownFileType = sourcecode.swift; path = Position.swift; sourceTree = "<group>"; };
		7659D9A21CFCEB8700124ACF /* CGFloat+Extensions.swift */ = {isa = PBXFileReference; fileEncoding = 4; lastKnownFileType = sourcecode.swift; path = "CGFloat+Extensions.swift"; sourceTree = "<group>"; };
/* End PBXFileReference section */

/* Begin PBXFrameworksBuildPhase section */
		763612641CF3892300133FF6 /* Frameworks */ = {
			isa = PBXFrameworksBuildPhase;
			buildActionMask = 2147483647;
			files = (
			);
			runOnlyForDeploymentPostprocessing = 0;
		};
		7636126F1CF3892300133FF6 /* Frameworks */ = {
			isa = PBXFrameworksBuildPhase;
			buildActionMask = 2147483647;
			files = (
				763612731CF3892300133FF6 /* ForceDirectedGraph.framework in Frameworks */,
			);
			runOnlyForDeploymentPostprocessing = 0;
		};
/* End PBXFrameworksBuildPhase section */

/* Begin PBXGroup section */
		7636125E1CF3892300133FF6 = {
			isa = PBXGroup;
			children = (
				7636126A1CF3892300133FF6 /* ForceDirectedGraph */,
				763612761CF3892300133FF6 /* ForceDirectedGraphTests */,
				763612691CF3892300133FF6 /* Products */,
			);
			sourceTree = "<group>";
		};
		763612691CF3892300133FF6 /* Products */ = {
			isa = PBXGroup;
			children = (
				763612681CF3892300133FF6 /* ForceDirectedGraph.framework */,
				763612721CF3892300133FF6 /* ForceDirectedGraphTests.xctest */,
			);
			name = Products;
			sourceTree = "<group>";
		};
		7636126A1CF3892300133FF6 /* ForceDirectedGraph */ = {
			isa = PBXGroup;
			children = (
				7636126B1CF3892300133FF6 /* ForceDirectedGraph.h */,
				7636126D1CF3892300133FF6 /* Info.plist */,
				763612861CF38BA400133FF6 /* Extensions */,
				763612891CF38BA400133FF6 /* Forces */,
				7636128E1CF38BA400133FF6 /* Graph */,
				763612921CF38BA400133FF6 /* QuadTree */,
				763612821CF389CC00133FF6 /* LICENSE */,
				763612831CF389CC00133FF6 /* README.md */,
			);
			path = ForceDirectedGraph;
			sourceTree = "<group>";
		};
		763612761CF3892300133FF6 /* ForceDirectedGraphTests */ = {
			isa = PBXGroup;
			children = (
				763612771CF3892300133FF6 /* ForceDirectedGraphTests.swift */,
				763612791CF3892300133FF6 /* Info.plist */,
			);
			path = ForceDirectedGraphTests;
			sourceTree = "<group>";
		};
		763612861CF38BA400133FF6 /* Extensions */ = {
			isa = PBXGroup;
			children = (
				763612871CF38BA400133FF6 /* CGPoint+Extensions.swift */,
				763612881CF38BA400133FF6 /* CGRect+Extensions.swift */,
				7659D9A21CFCEB8700124ACF /* CGFloat+Extensions.swift */,
			);
			path = Extensions;
			sourceTree = "<group>";
		};
		763612891CF38BA400133FF6 /* Forces */ = {
			isa = PBXGroup;
			children = (
				7636128B1CF38BA400133FF6 /* Force.swift */,
				7636128C1CF38BA400133FF6 /* Link.swift */,
				7636128D1CF38BA400133FF6 /* NBody.swift */,
				7659D98D1CFAEC7200124ACF /* Collision.swift */,
				7659D9911CFB648000124ACF /* Position.swift */,
			);
			path = Forces;
			sourceTree = "<group>";
		};
		7636128E1CF38BA400133FF6 /* Graph */ = {
			isa = PBXGroup;
			children = (
				7636128F1CF38BA400133FF6 /* Edge.swift */,
				763612901CF38BA400133FF6 /* Graph.swift */,
				763612911CF38BA400133FF6 /* Node.swift */,
			);
			path = Graph;
			sourceTree = "<group>";
		};
		763612921CF38BA400133FF6 /* QuadTree */ = {
			isa = PBXGroup;
			children = (
				763612931CF38BA400133FF6 /* QuadTree.swift */,
			);
			path = QuadTree;
			sourceTree = "<group>";
		};
/* End PBXGroup section */

/* Begin PBXHeadersBuildPhase section */
		763612651CF3892300133FF6 /* Headers */ = {
			isa = PBXHeadersBuildPhase;
			buildActionMask = 2147483647;
			files = (
				7636126C1CF3892300133FF6 /* ForceDirectedGraph.h in Headers */,
			);
			runOnlyForDeploymentPostprocessing = 0;
		};
/* End PBXHeadersBuildPhase section */

/* Begin PBXNativeTarget section */
		763612671CF3892300133FF6 /* ForceDirectedGraph */ = {
			isa = PBXNativeTarget;
			buildConfigurationList = 7636127C1CF3892300133FF6 /* Build configuration list for PBXNativeTarget "ForceDirectedGraph" */;
			buildPhases = (
				763612631CF3892300133FF6 /* Sources */,
				763612641CF3892300133FF6 /* Frameworks */,
				763612651CF3892300133FF6 /* Headers */,
				763612661CF3892300133FF6 /* Resources */,
			);
			buildRules = (
			);
			dependencies = (
			);
			name = ForceDirectedGraph;
			productName = ForceDirectedGraph;
			productReference = 763612681CF3892300133FF6 /* ForceDirectedGraph.framework */;
			productType = "com.apple.product-type.framework";
		};
		763612711CF3892300133FF6 /* ForceDirectedGraphTests */ = {
			isa = PBXNativeTarget;
			buildConfigurationList = 7636127F1CF3892300133FF6 /* Build configuration list for PBXNativeTarget "ForceDirectedGraphTests" */;
			buildPhases = (
				7636126E1CF3892300133FF6 /* Sources */,
				7636126F1CF3892300133FF6 /* Frameworks */,
				763612701CF3892300133FF6 /* Resources */,
			);
			buildRules = (
			);
			dependencies = (
				763612751CF3892300133FF6 /* PBXTargetDependency */,
			);
			name = ForceDirectedGraphTests;
			productName = ForceDirectedGraphTests;
			productReference = 763612721CF3892300133FF6 /* ForceDirectedGraphTests.xctest */;
			productType = "com.apple.product-type.bundle.unit-test";
		};
/* End PBXNativeTarget section */

/* Begin PBXProject section */
		7636125F1CF3892300133FF6 /* Project object */ = {
			isa = PBXProject;
			attributes = {
				LastSwiftUpdateCheck = 0730;
				LastUpgradeCheck = 0730;
				ORGANIZATIONNAME = FredrikSjoberg;
				TargetAttributes = {
					763612671CF3892300133FF6 = {
						CreatedOnToolsVersion = 7.3.1;
						DevelopmentTeam = 86UU6J7RQ5;
					};
					763612711CF3892300133FF6 = {
						CreatedOnToolsVersion = 7.3.1;
					};
				};
			};
			buildConfigurationList = 763612621CF3892300133FF6 /* Build configuration list for PBXProject "ForceDirectedGraph" */;
			compatibilityVersion = "Xcode 3.2";
			developmentRegion = English;
			hasScannedForEncodings = 0;
			knownRegions = (
				en,
			);
			mainGroup = 7636125E1CF3892300133FF6;
			productRefGroup = 763612691CF3892300133FF6 /* Products */;
			projectDirPath = "";
			projectRoot = "";
			targets = (
				763612671CF3892300133FF6 /* ForceDirectedGraph */,
				763612711CF3892300133FF6 /* ForceDirectedGraphTests */,
			);
		};
/* End PBXProject section */

/* Begin PBXResourcesBuildPhase section */
		763612661CF3892300133FF6 /* Resources */ = {
			isa = PBXResourcesBuildPhase;
			buildActionMask = 2147483647;
			files = (
				763612841CF389CC00133FF6 /* LICENSE in Resources */,
			);
			runOnlyForDeploymentPostprocessing = 0;
		};
		763612701CF3892300133FF6 /* Resources */ = {
			isa = PBXResourcesBuildPhase;
			buildActionMask = 2147483647;
			files = (
			);
			runOnlyForDeploymentPostprocessing = 0;
		};
/* End PBXResourcesBuildPhase section */

/* Begin PBXSourcesBuildPhase section */
		763612631CF3892300133FF6 /* Sources */ = {
			isa = PBXSourcesBuildPhase;
			buildActionMask = 2147483647;
			files = (
				7636129C1CF38BA400133FF6 /* Node.swift in Sources */,
				7659D9A31CFCEB8700124ACF /* CGFloat+Extensions.swift in Sources */,
				763612941CF38BA400133FF6 /* CGPoint+Extensions.swift in Sources */,
				7659D9921CFB648000124ACF /* Position.swift in Sources */,
				7636129A1CF38BA400133FF6 /* Edge.swift in Sources */,
				7636129D1CF38BA400133FF6 /* QuadTree.swift in Sources */,
				763612951CF38BA400133FF6 /* CGRect+Extensions.swift in Sources */,
				763612981CF38BA400133FF6 /* Link.swift in Sources */,
				763612991CF38BA400133FF6 /* NBody.swift in Sources */,
				7636129B1CF38BA400133FF6 /* Graph.swift in Sources */,
				763612851CF389CC00133FF6 /* README.md in Sources */,
				7659D98E1CFAEC7200124ACF /* Collision.swift in Sources */,
				763612971CF38BA400133FF6 /* Force.swift in Sources */,
			);
			runOnlyForDeploymentPostprocessing = 0;
		};
		7636126E1CF3892300133FF6 /* Sources */ = {
			isa = PBXSourcesBuildPhase;
			buildActionMask = 2147483647;
			files = (
				763612781CF3892300133FF6 /* ForceDirectedGraphTests.swift in Sources */,
			);
			runOnlyForDeploymentPostprocessing = 0;
		};
/* End PBXSourcesBuildPhase section */

/* Begin PBXTargetDependency section */
		763612751CF3892300133FF6 /* PBXTargetDependency */ = {
			isa = PBXTargetDependency;
			target = 763612671CF3892300133FF6 /* ForceDirectedGraph */;
			targetProxy = 763612741CF3892300133FF6 /* PBXContainerItemProxy */;
		};
/* End PBXTargetDependency section */

/* Begin XCBuildConfiguration section */
		7636127A1CF3892300133FF6 /* Debug */ = {
			isa = XCBuildConfiguration;
			buildSettings = {
				ALWAYS_SEARCH_USER_PATHS = NO;
				CLANG_ANALYZER_NONNULL = YES;
				CLANG_CXX_LANGUAGE_STANDARD = "gnu++0x";
				CLANG_CXX_LIBRARY = "libc++";
				CLANG_ENABLE_MODULES = YES;
				CLANG_ENABLE_OBJC_ARC = YES;
				CLANG_WARN_BOOL_CONVERSION = YES;
				CLANG_WARN_CONSTANT_CONVERSION = YES;
				CLANG_WARN_DIRECT_OBJC_ISA_USAGE = YES_ERROR;
				CLANG_WARN_EMPTY_BODY = YES;
				CLANG_WARN_ENUM_CONVERSION = YES;
				CLANG_WARN_INT_CONVERSION = YES;
				CLANG_WARN_OBJC_ROOT_CLASS = YES_ERROR;
				CLANG_WARN_UNREACHABLE_CODE = YES;
				CLANG_WARN__DUPLICATE_METHOD_MATCH = YES;
				"CODE_SIGN_IDENTITY[sdk=iphoneos*]" = "iPhone Developer";
				COPY_PHASE_STRIP = NO;
				CURRENT_PROJECT_VERSION = 1;
				DEBUG_INFORMATION_FORMAT = dwarf;
				ENABLE_STRICT_OBJC_MSGSEND = YES;
				ENABLE_TESTABILITY = YES;
				GCC_C_LANGUAGE_STANDARD = gnu99;
				GCC_DYNAMIC_NO_PIC = NO;
				GCC_NO_COMMON_BLOCKS = YES;
				GCC_OPTIMIZATION_LEVEL = 0;
				GCC_PREPROCESSOR_DEFINITIONS = (
					"DEBUG=1",
					"$(inherited)",
				);
				GCC_WARN_64_TO_32_BIT_CONVERSION = YES;
				GCC_WARN_ABOUT_RETURN_TYPE = YES_ERROR;
				GCC_WARN_UNDECLARED_SELECTOR = YES;
				GCC_WARN_UNINITIALIZED_AUTOS = YES_AGGRESSIVE;
				GCC_WARN_UNUSED_FUNCTION = YES;
				GCC_WARN_UNUSED_VARIABLE = YES;
				IPHONEOS_DEPLOYMENT_TARGET = 9.3;
				MTL_ENABLE_DEBUG_INFO = YES;
				ONLY_ACTIVE_ARCH = YES;
				SDKROOT = iphoneos;
				SWIFT_OPTIMIZATION_LEVEL = "-Onone";
				TARGETED_DEVICE_FAMILY = "1,2";
				VERSIONING_SYSTEM = "apple-generic";
				VERSION_INFO_PREFIX = "";
			};
			name = Debug;
		};
		7636127B1CF3892300133FF6 /* Release */ = {
			isa = XCBuildConfiguration;
			buildSettings = {
				ALWAYS_SEARCH_USER_PATHS = NO;
				CLANG_ANALYZER_NONNULL = YES;
				CLANG_CXX_LANGUAGE_STANDARD = "gnu++0x";
				CLANG_CXX_LIBRARY = "libc++";
				CLANG_ENABLE_MODULES = YES;
				CLANG_ENABLE_OBJC_ARC = YES;
				CLANG_WARN_BOOL_CONVERSION = YES;
				CLANG_WARN_CONSTANT_CONVERSION = YES;
				CLANG_WARN_DIRECT_OBJC_ISA_USAGE = YES_ERROR;
				CLANG_WARN_EMPTY_BODY = YES;
				CLANG_WARN_ENUM_CONVERSION = YES;
				CLANG_WARN_INT_CONVERSION = YES;
				CLANG_WARN_OBJC_ROOT_CLASS = YES_ERROR;
				CLANG_WARN_UNREACHABLE_CODE = YES;
				CLANG_WARN__DUPLICATE_METHOD_MATCH = YES;
				"CODE_SIGN_IDENTITY[sdk=iphoneos*]" = "iPhone Developer";
				COPY_PHASE_STRIP = NO;
				CURRENT_PROJECT_VERSION = 1;
				DEBUG_INFORMATION_FORMAT = "dwarf-with-dsym";
				ENABLE_NS_ASSERTIONS = NO;
				ENABLE_STRICT_OBJC_MSGSEND = YES;
				GCC_C_LANGUAGE_STANDARD = gnu99;
				GCC_NO_COMMON_BLOCKS = YES;
				GCC_WARN_64_TO_32_BIT_CONVERSION = YES;
				GCC_WARN_ABOUT_RETURN_TYPE = YES_ERROR;
				GCC_WARN_UNDECLARED_SELECTOR = YES;
				GCC_WARN_UNINITIALIZED_AUTOS = YES_AGGRESSIVE;
				GCC_WARN_UNUSED_FUNCTION = YES;
				GCC_WARN_UNUSED_VARIABLE = YES;
				IPHONEOS_DEPLOYMENT_TARGET = 9.3;
				MTL_ENABLE_DEBUG_INFO = NO;
				SDKROOT = iphoneos;
				TARGETED_DEVICE_FAMILY = "1,2";
				VALIDATE_PRODUCT = YES;
				VERSIONING_SYSTEM = "apple-generic";
				VERSION_INFO_PREFIX = "";
			};
			name = Release;
		};
		7636127D1CF3892300133FF6 /* Debug */ = {
			isa = XCBuildConfiguration;
			buildSettings = {
				CODE_SIGN_IDENTITY = "iPhone Developer";
				DEFINES_MODULE = YES;
				DYLIB_COMPATIBILITY_VERSION = 1;
				DYLIB_CURRENT_VERSION = 1;
				DYLIB_INSTALL_NAME_BASE = "@rpath";
				INFOPLIST_FILE = ForceDirectedGraph/Info.plist;
				INSTALL_PATH = "$(LOCAL_LIBRARY_DIR)/Frameworks";
				LD_RUNPATH_SEARCH_PATHS = "$(inherited) @executable_path/Frameworks @loader_path/Frameworks";
				PRODUCT_BUNDLE_IDENTIFIER = com.FredrikSjoberg.ForceDirectedGraph;
				PRODUCT_NAME = "$(TARGET_NAME)";
				SKIP_INSTALL = YES;
			};
			name = Debug;
		};
		7636127E1CF3892300133FF6 /* Release */ = {
			isa = XCBuildConfiguration;
			buildSettings = {
				CODE_SIGN_IDENTITY = "iPhone Developer";
				DEFINES_MODULE = YES;
				DYLIB_COMPATIBILITY_VERSION = 1;
				DYLIB_CURRENT_VERSION = 1;
				DYLIB_INSTALL_NAME_BASE = "@rpath";
				INFOPLIST_FILE = ForceDirectedGraph/Info.plist;
				INSTALL_PATH = "$(LOCAL_LIBRARY_DIR)/Frameworks";
				LD_RUNPATH_SEARCH_PATHS = "$(inherited) @executable_path/Frameworks @loader_path/Frameworks";
				PRODUCT_BUNDLE_IDENTIFIER = com.FredrikSjoberg.ForceDirectedGraph;
				PRODUCT_NAME = "$(TARGET_NAME)";
				SKIP_INSTALL = YES;
			};
			name = Release;
		};
		763612801CF3892300133FF6 /* Debug */ = {
			isa = XCBuildConfiguration;
			buildSettings = {
				INFOPLIST_FILE = ForceDirectedGraphTests/Info.plist;
				LD_RUNPATH_SEARCH_PATHS = "$(inherited) @executable_path/Frameworks @loader_path/Frameworks";
				PRODUCT_BUNDLE_IDENTIFIER = com.FredrikSjoberg.ForceDirectedGraphTests;
				PRODUCT_NAME = "$(TARGET_NAME)";
			};
			name = Debug;
		};
		763612811CF3892300133FF6 /* Release */ = {
			isa = XCBuildConfiguration;
			buildSettings = {
				INFOPLIST_FILE = ForceDirectedGraphTests/Info.plist;
				LD_RUNPATH_SEARCH_PATHS = "$(inherited) @executable_path/Frameworks @loader_path/Frameworks";
				PRODUCT_BUNDLE_IDENTIFIER = com.FredrikSjoberg.ForceDirectedGraphTests;
				PRODUCT_NAME = "$(TARGET_NAME)";
			};
			name = Release;
		};
/* End XCBuildConfiguration section */

/* Begin XCConfigurationList section */
		763612621CF3892300133FF6 /* Build configuration list for PBXProject "ForceDirectedGraph" */ = {
			isa = XCConfigurationList;
			buildConfigurations = (
				7636127A1CF3892300133FF6 /* Debug */,
				7636127B1CF3892300133FF6 /* Release */,
			);
			defaultConfigurationIsVisible = 0;
			defaultConfigurationName = Release;
		};
		7636127C1CF3892300133FF6 /* Build configuration list for PBXNativeTarget "ForceDirectedGraph" */ = {
			isa = XCConfigurationList;
			buildConfigurations = (
				7636127D1CF3892300133FF6 /* Debug */,
				7636127E1CF3892300133FF6 /* Release */,
			);
			defaultConfigurationIsVisible = 0;
			defaultConfigurationName = Release;
		};
		7636127F1CF3892300133FF6 /* Build configuration list for PBXNativeTarget "ForceDirectedGraphTests" */ = {
			isa = XCConfigurationList;
			buildConfigurations = (
				763612801CF3892300133FF6 /* Debug */,
				763612811CF3892300133FF6 /* Release */,
			);
			defaultConfigurationIsVisible = 0;
			defaultConfigurationName = Release;
		};
/* End XCConfigurationList section */
	};
	rootObject = 7636125F1CF3892300133FF6 /* Project object */;
}
